
Microsoft Visual Studio Solution File, Format Version 12.00
# Visual Studio Version 17
VisualStudioVersion = 17.2.32630.192
MinimumVisualStudioVersion = 10.0.40219.1
Project("{FAE04EC0-301F-11D3-BF4B-00C04F79EFBC}") = "Project19", "Project19\Project19.csproj", "{400662A8-F1E2-4038-8040-4FFEB9949EF5}"
EndProject
Global
	GlobalSection(SolutionConfigurationPlatforms) = preSolution
		Debug|Any CPU = Debug|Any CPU
		Release|Any CPU = Release|Any CPU
	EndGlobalSection
	GlobalSection(ProjectConfigurationPlatforms) = postSolution
		{400662A8-F1E2-4038-8040-4FFEB9949EF5}.Debug|Any CPU.ActiveCfg = Debug|Any CPU
		{400662A8-F1E2-4038-8040-4FFEB9949EF5}.Debug|Any CPU.Build.0 = Debug|Any CPU
		{400662A8-F1E2-4038-8040-4FFEB9949EF5}.Release|Any CPU.ActiveCfg = Release|Any CPU
		{400662A8-F1E2-4038-8040-4FFEB9949EF5}.Release|Any CPU.Build.0 = Release|Any CPU
	EndGlobalSection
	GlobalSection(SolutionProperties) = preSolution
		HideSolutionNode = FALSE
	EndGlobalSection
	GlobalSection(ExtensibilityGlobals) = postSolution
		SolutionGuid = {80D8D44D-71DB-4E35-8200-69D8831002EF}
	EndGlobalSection
EndGlobal
